// !$*UTF8*$!
{
	archiveVersion = 1;
	classes = {
	};
	objectVersion = 56;
	objects = {

/* Begin PBXBuildFile section */
		D41199952BFD8A8200F4EC33 /* AVFadeTo.swift in Sources */ = {isa = PBXBuildFile; fileRef = D41199942BFD8A8200F4EC33 /* AVFadeTo.swift */; };
		D41199972BFD8CD000F4EC33 /* AVFadeBy.swift in Sources */ = {isa = PBXBuildFile; fileRef = D41199962BFD8CD000F4EC33 /* AVFadeBy.swift */; };
		D41199992BFE4CDB00F4EC33 /* AVSetColor.swift in Sources */ = {isa = PBXBuildFile; fileRef = D41199982BFE4CDB00F4EC33 /* AVSetColor.swift */; };
		D411999B2BFE507700F4EC33 /* AVSetColorBlendFactor.swift in Sources */ = {isa = PBXBuildFile; fileRef = D411999A2BFE507700F4EC33 /* AVSetColorBlendFactor.swift */; };
		D491741B2BF8F0BF00640EDA /* GilliganApp.swift in Sources */ = {isa = PBXBuildFile; fileRef = D491741A2BF8F0BF00640EDA /* GilliganApp.swift */; };
		D491741D2BF8F0BF00640EDA /* ContentView.swift in Sources */ = {isa = PBXBuildFile; fileRef = D491741C2BF8F0BF00640EDA /* ContentView.swift */; };
		D491741F2BF8F0C000640EDA /* Assets.xcassets in Resources */ = {isa = PBXBuildFile; fileRef = D491741E2BF8F0C000640EDA /* Assets.xcassets */; };
		D49174222BF8F0C000640EDA /* Preview Assets.xcassets in Resources */ = {isa = PBXBuildFile; fileRef = D49174212BF8F0C000640EDA /* Preview Assets.xcassets */; };
		D491742A2BF8F12C00640EDA /* ArenaView.swift in Sources */ = {isa = PBXBuildFile; fileRef = D49174292BF8F12C00640EDA /* ArenaView.swift */; };
		D491742D2BF8F41300640EDA /* DashboardView.swift in Sources */ = {isa = PBXBuildFile; fileRef = D491742C2BF8F41300640EDA /* DashboardView.swift */; };
		D491742F2BF918DB00640EDA /* ToolsView.swift in Sources */ = {isa = PBXBuildFile; fileRef = D491742E2BF918DB00640EDA /* ToolsView.swift */; };
		D49174312BF91B4200640EDA /* ActionsEditView.swift in Sources */ = {isa = PBXBuildFile; fileRef = D49174302BF91B4200640EDA /* ActionsEditView.swift */; };
		D49174332BF924B200640EDA /* ActionsEditDisplayAttributesView.swift in Sources */ = {isa = PBXBuildFile; fileRef = D49174322BF924B200640EDA /* ActionsEditDisplayAttributesView.swift */; };
		D49174352BF9259500640EDA /* ActionsEditSpaceAttributesView.swift in Sources */ = {isa = PBXBuildFile; fileRef = D49174342BF9259500640EDA /* ActionsEditSpaceAttributesView.swift */; };
		D49174372BF95FFB00640EDA /* ActionsSliderView+CGFloat.swift in Sources */ = {isa = PBXBuildFile; fileRef = D49174362BF95FFB00640EDA /* ActionsSliderView+CGFloat.swift */; };
		D491743B2BFCFA0600640EDA /* ActionsSliderView+TimeInterval.swift in Sources */ = {isa = PBXBuildFile; fileRef = D491743A2BFCFA0600640EDA /* ActionsSliderView+TimeInterval.swift */; };
		D491743F2BFCFFFB00640EDA /* Tokens.swift in Sources */ = {isa = PBXBuildFile; fileRef = D491743E2BFCFFFB00640EDA /* Tokens.swift */; };
		D49174422BFD00D400640EDA /* ActionTokens.swift in Sources */ = {isa = PBXBuildFile; fileRef = D49174412BFD00D400640EDA /* ActionTokens.swift */; };
		D49174442BFD011600640EDA /* EntityTokens.swift in Sources */ = {isa = PBXBuildFile; fileRef = D49174432BFD011600640EDA /* EntityTokens.swift */; };
		D49174462BFD022E00640EDA /* GremlinTokens.swift in Sources */ = {isa = PBXBuildFile; fileRef = D49174452BFD022E00640EDA /* GremlinTokens.swift */; };
/* End PBXBuildFile section */

/* Begin PBXFileReference section */
		D41199942BFD8A8200F4EC33 /* AVFadeTo.swift */ = {isa = PBXFileReference; lastKnownFileType = sourcecode.swift; path = AVFadeTo.swift; sourceTree = "<group>"; };
		D41199962BFD8CD000F4EC33 /* AVFadeBy.swift */ = {isa = PBXFileReference; lastKnownFileType = sourcecode.swift; path = AVFadeBy.swift; sourceTree = "<group>"; };
		D41199982BFE4CDB00F4EC33 /* AVSetColor.swift */ = {isa = PBXFileReference; lastKnownFileType = sourcecode.swift; path = AVSetColor.swift; sourceTree = "<group>"; };
		D411999A2BFE507700F4EC33 /* AVSetColorBlendFactor.swift */ = {isa = PBXFileReference; lastKnownFileType = sourcecode.swift; path = AVSetColorBlendFactor.swift; sourceTree = "<group>"; };
		D49174172BF8F0BF00640EDA /* Gilligan.app */ = {isa = PBXFileReference; explicitFileType = wrapper.application; includeInIndex = 0; path = Gilligan.app; sourceTree = BUILT_PRODUCTS_DIR; };
		D491741A2BF8F0BF00640EDA /* GilliganApp.swift */ = {isa = PBXFileReference; lastKnownFileType = sourcecode.swift; path = GilliganApp.swift; sourceTree = "<group>"; };
		D491741C2BF8F0BF00640EDA /* ContentView.swift */ = {isa = PBXFileReference; lastKnownFileType = sourcecode.swift; path = ContentView.swift; sourceTree = "<group>"; };
		D491741E2BF8F0C000640EDA /* Assets.xcassets */ = {isa = PBXFileReference; lastKnownFileType = folder.assetcatalog; path = Assets.xcassets; sourceTree = "<group>"; };
		D49174212BF8F0C000640EDA /* Preview Assets.xcassets */ = {isa = PBXFileReference; lastKnownFileType = folder.assetcatalog; path = "Preview Assets.xcassets"; sourceTree = "<group>"; };
		D49174232BF8F0C000640EDA /* Gilligan.entitlements */ = {isa = PBXFileReference; lastKnownFileType = text.plist.entitlements; path = Gilligan.entitlements; sourceTree = "<group>"; };
		D49174292BF8F12C00640EDA /* ArenaView.swift */ = {isa = PBXFileReference; lastKnownFileType = sourcecode.swift; path = ArenaView.swift; sourceTree = "<group>"; };
		D491742C2BF8F41300640EDA /* DashboardView.swift */ = {isa = PBXFileReference; lastKnownFileType = sourcecode.swift; path = DashboardView.swift; sourceTree = "<group>"; };
		D491742E2BF918DB00640EDA /* ToolsView.swift */ = {isa = PBXFileReference; lastKnownFileType = sourcecode.swift; path = ToolsView.swift; sourceTree = "<group>"; };
		D49174302BF91B4200640EDA /* ActionsEditView.swift */ = {isa = PBXFileReference; lastKnownFileType = sourcecode.swift; path = ActionsEditView.swift; sourceTree = "<group>"; };
		D49174322BF924B200640EDA /* ActionsEditDisplayAttributesView.swift */ = {isa = PBXFileReference; lastKnownFileType = sourcecode.swift; path = ActionsEditDisplayAttributesView.swift; sourceTree = "<group>"; };
		D49174342BF9259500640EDA /* ActionsEditSpaceAttributesView.swift */ = {isa = PBXFileReference; lastKnownFileType = sourcecode.swift; path = ActionsEditSpaceAttributesView.swift; sourceTree = "<group>"; };
		D49174362BF95FFB00640EDA /* ActionsSliderView+CGFloat.swift */ = {isa = PBXFileReference; lastKnownFileType = sourcecode.swift; path = "ActionsSliderView+CGFloat.swift"; sourceTree = "<group>"; };
		D491743A2BFCFA0600640EDA /* ActionsSliderView+TimeInterval.swift */ = {isa = PBXFileReference; lastKnownFileType = sourcecode.swift; path = "ActionsSliderView+TimeInterval.swift"; sourceTree = "<group>"; };
		D491743E2BFCFFFB00640EDA /* Tokens.swift */ = {isa = PBXFileReference; lastKnownFileType = sourcecode.swift; path = Tokens.swift; sourceTree = "<group>"; };
		D49174412BFD00D400640EDA /* ActionTokens.swift */ = {isa = PBXFileReference; lastKnownFileType = sourcecode.swift; path = ActionTokens.swift; sourceTree = "<group>"; };
		D49174432BFD011600640EDA /* EntityTokens.swift */ = {isa = PBXFileReference; lastKnownFileType = sourcecode.swift; path = EntityTokens.swift; sourceTree = "<group>"; };
		D49174452BFD022E00640EDA /* GremlinTokens.swift */ = {isa = PBXFileReference; lastKnownFileType = sourcecode.swift; path = GremlinTokens.swift; sourceTree = "<group>"; };
/* End PBXFileReference section */

/* Begin PBXFrameworksBuildPhase section */
		D49174142BF8F0BF00640EDA /* Frameworks */ = {
			isa = PBXFrameworksBuildPhase;
			buildActionMask = 2147483647;
			files = (
			);
			runOnlyForDeploymentPostprocessing = 0;
		};
/* End PBXFrameworksBuildPhase section */

/* Begin PBXGroup section */
		D41199932BFD8A3000F4EC33 /* ActionEditViews */ = {
			isa = PBXGroup;
			children = (
				D41199962BFD8CD000F4EC33 /* AVFadeBy.swift */,
				D41199942BFD8A8200F4EC33 /* AVFadeTo.swift */,
				D41199982BFE4CDB00F4EC33 /* AVSetColor.swift */,
				D411999A2BFE507700F4EC33 /* AVSetColorBlendFactor.swift */,
			);
			path = ActionEditViews;
			sourceTree = "<group>";
		};
		D491740E2BF8F0BF00640EDA = {
			isa = PBXGroup;
			children = (
				D49174192BF8F0BF00640EDA /* Gilligan */,
				D49174182BF8F0BF00640EDA /* Products */,
			);
			sourceTree = "<group>";
		};
		D49174182BF8F0BF00640EDA /* Products */ = {
			isa = PBXGroup;
			children = (
				D49174172BF8F0BF00640EDA /* Gilligan.app */,
			);
			name = Products;
			sourceTree = "<group>";
		};
		D49174192BF8F0BF00640EDA /* Gilligan */ = {
			isa = PBXGroup;
			children = (
				D491742B2BF8F3FC00640EDA /* Views */,
				D49174402BFD00C000640EDA /* Tokens */,
				D491741A2BF8F0BF00640EDA /* GilliganApp.swift */,
				D491741E2BF8F0C000640EDA /* Assets.xcassets */,
				D49174232BF8F0C000640EDA /* Gilligan.entitlements */,
				D49174202BF8F0C000640EDA /* Preview Content */,
			);
			path = Gilligan;
			sourceTree = "<group>";
		};
		D49174202BF8F0C000640EDA /* Preview Content */ = {
			isa = PBXGroup;
			children = (
				D49174212BF8F0C000640EDA /* Preview Assets.xcassets */,
			);
			path = "Preview Content";
			sourceTree = "<group>";
		};
		D491742B2BF8F3FC00640EDA /* Views */ = {
			isa = PBXGroup;
			children = (
				D41199932BFD8A3000F4EC33 /* ActionEditViews */,
				D49174302BF91B4200640EDA /* ActionsEditView.swift */,
				D49174322BF924B200640EDA /* ActionsEditDisplayAttributesView.swift */,
				D49174342BF9259500640EDA /* ActionsEditSpaceAttributesView.swift */,
				D49174362BF95FFB00640EDA /* ActionsSliderView+CGFloat.swift */,
				D491743A2BFCFA0600640EDA /* ActionsSliderView+TimeInterval.swift */,
				D49174292BF8F12C00640EDA /* ArenaView.swift */,
				D491742C2BF8F41300640EDA /* DashboardView.swift */,
				D491741C2BF8F0BF00640EDA /* ContentView.swift */,
				D491742E2BF918DB00640EDA /* ToolsView.swift */,
			);
			path = Views;
			sourceTree = "<group>";
		};
		D49174402BFD00C000640EDA /* Tokens */ = {
			isa = PBXGroup;
			children = (
				D491743E2BFCFFFB00640EDA /* Tokens.swift */,
				D49174412BFD00D400640EDA /* ActionTokens.swift */,
				D49174432BFD011600640EDA /* EntityTokens.swift */,
				D49174452BFD022E00640EDA /* GremlinTokens.swift */,
			);
			path = Tokens;
			sourceTree = "<group>";
		};
/* End PBXGroup section */

/* Begin PBXNativeTarget section */
		D49174162BF8F0BF00640EDA /* Gilligan */ = {
			isa = PBXNativeTarget;
			buildConfigurationList = D49174262BF8F0C000640EDA /* Build configuration list for PBXNativeTarget "Gilligan" */;
			buildPhases = (
				D49174132BF8F0BF00640EDA /* Sources */,
				D49174142BF8F0BF00640EDA /* Frameworks */,
				D49174152BF8F0BF00640EDA /* Resources */,
			);
			buildRules = (
			);
			dependencies = (
			);
			name = Gilligan;
			productName = Gilligan;
			productReference = D49174172BF8F0BF00640EDA /* Gilligan.app */;
			productType = "com.apple.product-type.application";
		};
/* End PBXNativeTarget section */

/* Begin PBXProject section */
		D491740F2BF8F0BF00640EDA /* Project object */ = {
			isa = PBXProject;
			attributes = {
				BuildIndependentTargetsInParallel = 1;
				LastSwiftUpdateCheck = 1540;
				LastUpgradeCheck = 1540;
				TargetAttributes = {
					D49174162BF8F0BF00640EDA = {
						CreatedOnToolsVersion = 15.4;
					};
				};
			};
			buildConfigurationList = D49174122BF8F0BF00640EDA /* Build configuration list for PBXProject "Gilligan" */;
			compatibilityVersion = "Xcode 14.0";
			developmentRegion = en;
			hasScannedForEncodings = 0;
			knownRegions = (
				en,
				Base,
			);
			mainGroup = D491740E2BF8F0BF00640EDA;
			productRefGroup = D49174182BF8F0BF00640EDA /* Products */;
			projectDirPath = "";
			projectRoot = "";
			targets = (
				D49174162BF8F0BF00640EDA /* Gilligan */,
			);
		};
/* End PBXProject section */

/* Begin PBXResourcesBuildPhase section */
		D49174152BF8F0BF00640EDA /* Resources */ = {
			isa = PBXResourcesBuildPhase;
			buildActionMask = 2147483647;
			files = (
				D49174222BF8F0C000640EDA /* Preview Assets.xcassets in Resources */,
				D491741F2BF8F0C000640EDA /* Assets.xcassets in Resources */,
			);
			runOnlyForDeploymentPostprocessing = 0;
		};
/* End PBXResourcesBuildPhase section */

/* Begin PBXSourcesBuildPhase section */
		D49174132BF8F0BF00640EDA /* Sources */ = {
			isa = PBXSourcesBuildPhase;
			buildActionMask = 2147483647;
			files = (
				D491742A2BF8F12C00640EDA /* ArenaView.swift in Sources */,
				D41199992BFE4CDB00F4EC33 /* AVSetColor.swift in Sources */,
				D49174422BFD00D400640EDA /* ActionTokens.swift in Sources */,
				D49174332BF924B200640EDA /* ActionsEditDisplayAttributesView.swift in Sources */,
				D491742D2BF8F41300640EDA /* DashboardView.swift in Sources */,
				D49174442BFD011600640EDA /* EntityTokens.swift in Sources */,
				D49174312BF91B4200640EDA /* ActionsEditView.swift in Sources */,
				D49174352BF9259500640EDA /* ActionsEditSpaceAttributesView.swift in Sources */,
				D491741D2BF8F0BF00640EDA /* ContentView.swift in Sources */,
				D49174462BFD022E00640EDA /* GremlinTokens.swift in Sources */,
				D491741B2BF8F0BF00640EDA /* GilliganApp.swift in Sources */,
				D49174372BF95FFB00640EDA /* ActionsSliderView+CGFloat.swift in Sources */,
				D41199972BFD8CD000F4EC33 /* AVFadeBy.swift in Sources */,
				D41199952BFD8A8200F4EC33 /* AVFadeTo.swift in Sources */,
				D411999B2BFE507700F4EC33 /* AVSetColorBlendFactor.swift in Sources */,
				D491743B2BFCFA0600640EDA /* ActionsSliderView+TimeInterval.swift in Sources */,
				D491742F2BF918DB00640EDA /* ToolsView.swift in Sources */,
				D491743F2BFCFFFB00640EDA /* Tokens.swift in Sources */,
			);
			runOnlyForDeploymentPostprocessing = 0;
		};
/* End PBXSourcesBuildPhase section */

/* Begin XCBuildConfiguration section */
		D49174242BF8F0C000640EDA /* Debug */ = {
			isa = XCBuildConfiguration;
			buildSettings = {
				ALWAYS_SEARCH_USER_PATHS = NO;
				ASSETCATALOG_COMPILER_GENERATE_SWIFT_ASSET_SYMBOL_EXTENSIONS = YES;
				CLANG_ANALYZER_NONNULL = YES;
				CLANG_ANALYZER_NUMBER_OBJECT_CONVERSION = YES_AGGRESSIVE;
				CLANG_CXX_LANGUAGE_STANDARD = "gnu++20";
				CLANG_ENABLE_MODULES = YES;
				CLANG_ENABLE_OBJC_ARC = YES;
				CLANG_ENABLE_OBJC_WEAK = YES;
				CLANG_WARN_BLOCK_CAPTURE_AUTORELEASING = YES;
				CLANG_WARN_BOOL_CONVERSION = YES;
				CLANG_WARN_COMMA = YES;
				CLANG_WARN_CONSTANT_CONVERSION = YES;
				CLANG_WARN_DEPRECATED_OBJC_IMPLEMENTATIONS = YES;
				CLANG_WARN_DIRECT_OBJC_ISA_USAGE = YES_ERROR;
				CLANG_WARN_DOCUMENTATION_COMMENTS = YES;
				CLANG_WARN_EMPTY_BODY = YES;
				CLANG_WARN_ENUM_CONVERSION = YES;
				CLANG_WARN_INFINITE_RECURSION = YES;
				CLANG_WARN_INT_CONVERSION = YES;
				CLANG_WARN_NON_LITERAL_NULL_CONVERSION = YES;
				CLANG_WARN_OBJC_IMPLICIT_RETAIN_SELF = YES;
				CLANG_WARN_OBJC_LITERAL_CONVERSION = YES;
				CLANG_WARN_OBJC_ROOT_CLASS = YES_ERROR;
				CLANG_WARN_QUOTED_INCLUDE_IN_FRAMEWORK_HEADER = YES;
				CLANG_WARN_RANGE_LOOP_ANALYSIS = YES;
				CLANG_WARN_STRICT_PROTOTYPES = YES;
				CLANG_WARN_SUSPICIOUS_MOVE = YES;
				CLANG_WARN_UNGUARDED_AVAILABILITY = YES_AGGRESSIVE;
				CLANG_WARN_UNREACHABLE_CODE = YES;
				CLANG_WARN__DUPLICATE_METHOD_MATCH = YES;
				COPY_PHASE_STRIP = NO;
				DEBUG_INFORMATION_FORMAT = dwarf;
				ENABLE_STRICT_OBJC_MSGSEND = YES;
				ENABLE_TESTABILITY = YES;
				ENABLE_USER_SCRIPT_SANDBOXING = YES;
				GCC_C_LANGUAGE_STANDARD = gnu17;
				GCC_DYNAMIC_NO_PIC = NO;
				GCC_NO_COMMON_BLOCKS = YES;
				GCC_OPTIMIZATION_LEVEL = 0;
				GCC_PREPROCESSOR_DEFINITIONS = (
					"DEBUG=1",
					"$(inherited)",
				);
				GCC_WARN_64_TO_32_BIT_CONVERSION = YES;
				GCC_WARN_ABOUT_RETURN_TYPE = YES_ERROR;
				GCC_WARN_UNDECLARED_SELECTOR = YES;
				GCC_WARN_UNINITIALIZED_AUTOS = YES_AGGRESSIVE;
				GCC_WARN_UNUSED_FUNCTION = YES;
				GCC_WARN_UNUSED_VARIABLE = YES;
				LOCALIZATION_PREFERS_STRING_CATALOGS = YES;
				MACOSX_DEPLOYMENT_TARGET = 14.4;
				MTL_ENABLE_DEBUG_INFO = INCLUDE_SOURCE;
				MTL_FAST_MATH = YES;
				ONLY_ACTIVE_ARCH = YES;
				SDKROOT = macosx;
				SWIFT_ACTIVE_COMPILATION_CONDITIONS = "DEBUG $(inherited)";
				SWIFT_OPTIMIZATION_LEVEL = "-Onone";
			};
			name = Debug;
		};
		D49174252BF8F0C000640EDA /* Release */ = {
			isa = XCBuildConfiguration;
			buildSettings = {
				ALWAYS_SEARCH_USER_PATHS = NO;
				ASSETCATALOG_COMPILER_GENERATE_SWIFT_ASSET_SYMBOL_EXTENSIONS = YES;
				CLANG_ANALYZER_NONNULL = YES;
				CLANG_ANALYZER_NUMBER_OBJECT_CONVERSION = YES_AGGRESSIVE;
				CLANG_CXX_LANGUAGE_STANDARD = "gnu++20";
				CLANG_ENABLE_MODULES = YES;
				CLANG_ENABLE_OBJC_ARC = YES;
				CLANG_ENABLE_OBJC_WEAK = YES;
				CLANG_WARN_BLOCK_CAPTURE_AUTORELEASING = YES;
				CLANG_WARN_BOOL_CONVERSION = YES;
				CLANG_WARN_COMMA = YES;
				CLANG_WARN_CONSTANT_CONVERSION = YES;
				CLANG_WARN_DEPRECATED_OBJC_IMPLEMENTATIONS = YES;
				CLANG_WARN_DIRECT_OBJC_ISA_USAGE = YES_ERROR;
				CLANG_WARN_DOCUMENTATION_COMMENTS = YES;
				CLANG_WARN_EMPTY_BODY = YES;
				CLANG_WARN_ENUM_CONVERSION = YES;
				CLANG_WARN_INFINITE_RECURSION = YES;
				CLANG_WARN_INT_CONVERSION = YES;
				CLANG_WARN_NON_LITERAL_NULL_CONVERSION = YES;
				CLANG_WARN_OBJC_IMPLICIT_RETAIN_SELF = YES;
				CLANG_WARN_OBJC_LITERAL_CONVERSION = YES;
				CLANG_WARN_OBJC_ROOT_CLASS = YES_ERROR;
				CLANG_WARN_QUOTED_INCLUDE_IN_FRAMEWORK_HEADER = YES;
				CLANG_WARN_RANGE_LOOP_ANALYSIS = YES;
				CLANG_WARN_STRICT_PROTOTYPES = YES;
				CLANG_WARN_SUSPICIOUS_MOVE = YES;
				CLANG_WARN_UNGUARDED_AVAILABILITY = YES_AGGRESSIVE;
				CLANG_WARN_UNREACHABLE_CODE = YES;
				CLANG_WARN__DUPLICATE_METHOD_MATCH = YES;
				COPY_PHASE_STRIP = NO;
				DEBUG_INFORMATION_FORMAT = "dwarf-with-dsym";
				ENABLE_NS_ASSERTIONS = NO;
				ENABLE_STRICT_OBJC_MSGSEND = YES;
				ENABLE_USER_SCRIPT_SANDBOXING = YES;
				GCC_C_LANGUAGE_STANDARD = gnu17;
				GCC_NO_COMMON_BLOCKS = YES;
				GCC_WARN_64_TO_32_BIT_CONVERSION = YES;
				GCC_WARN_ABOUT_RETURN_TYPE = YES_ERROR;
				GCC_WARN_UNDECLARED_SELECTOR = YES;
				GCC_WARN_UNINITIALIZED_AUTOS = YES_AGGRESSIVE;
				GCC_WARN_UNUSED_FUNCTION = YES;
				GCC_WARN_UNUSED_VARIABLE = YES;
				LOCALIZATION_PREFERS_STRING_CATALOGS = YES;
				MACOSX_DEPLOYMENT_TARGET = 14.4;
				MTL_ENABLE_DEBUG_INFO = NO;
				MTL_FAST_MATH = YES;
				SDKROOT = macosx;
				SWIFT_COMPILATION_MODE = wholemodule;
			};
			name = Release;
		};
		D49174272BF8F0C000640EDA /* Debug */ = {
			isa = XCBuildConfiguration;
			buildSettings = {
				ASSETCATALOG_COMPILER_APPICON_NAME = AppIcon;
				ASSETCATALOG_COMPILER_GLOBAL_ACCENT_COLOR_NAME = AccentColor;
				CODE_SIGN_ENTITLEMENTS = Gilligan/Gilligan.entitlements;
				CODE_SIGN_STYLE = Automatic;
				COMBINE_HIDPI_IMAGES = YES;
				CURRENT_PROJECT_VERSION = 1;
				DEVELOPMENT_ASSET_PATHS = "\"Gilligan/Preview Content\"";
				DEVELOPMENT_TEAM = DD983V4X84;
				ENABLE_HARDENED_RUNTIME = YES;
				ENABLE_PREVIEWS = YES;
				GENERATE_INFOPLIST_FILE = YES;
				INFOPLIST_KEY_NSHumanReadableCopyright = "";
				LD_RUNPATH_SEARCH_PATHS = (
					"$(inherited)",
					"@executable_path/../Frameworks",
				);
				MARKETING_VERSION = 1.0;
				PRODUCT_BUNDLE_IDENTIFIER = com.saganritual.Gilligan;
				PRODUCT_NAME = "$(TARGET_NAME)";
				SWIFT_EMIT_LOC_STRINGS = YES;
				SWIFT_VERSION = 5.0;
			};
			name = Debug;
		};
		D49174282BF8F0C000640EDA /* Release */ = {
			isa = XCBuildConfiguration;
			buildSettings = {
				ASSETCATALOG_COMPILER_APPICON_NAME = AppIcon;
				ASSETCATALOG_COMPILER_GLOBAL_ACCENT_COLOR_NAME = AccentColor;
				CODE_SIGN_ENTITLEMENTS = Gilligan/Gilligan.entitlements;
				CODE_SIGN_STYLE = Automatic;
				COMBINE_HIDPI_IMAGES = YES;
				CURRENT_PROJECT_VERSION = 1;
				DEVELOPMENT_ASSET_PATHS = "\"Gilligan/Preview Content\"";
				DEVELOPMENT_TEAM = DD983V4X84;
				ENABLE_HARDENED_RUNTIME = YES;
				ENABLE_PREVIEWS = YES;
				GENERATE_INFOPLIST_FILE = YES;
				INFOPLIST_KEY_NSHumanReadableCopyright = "";
				LD_RUNPATH_SEARCH_PATHS = (
					"$(inherited)",
					"@executable_path/../Frameworks",
				);
				MARKETING_VERSION = 1.0;
				PRODUCT_BUNDLE_IDENTIFIER = com.saganritual.Gilligan;
				PRODUCT_NAME = "$(TARGET_NAME)";
				SWIFT_EMIT_LOC_STRINGS = YES;
				SWIFT_VERSION = 5.0;
			};
			name = Release;
		};
/* End XCBuildConfiguration section */

/* Begin XCConfigurationList section */
		D49174122BF8F0BF00640EDA /* Build configuration list for PBXProject "Gilligan" */ = {
			isa = XCConfigurationList;
			buildConfigurations = (
				D49174242BF8F0C000640EDA /* Debug */,
				D49174252BF8F0C000640EDA /* Release */,
			);
			defaultConfigurationIsVisible = 0;
			defaultConfigurationName = Release;
		};
		D49174262BF8F0C000640EDA /* Build configuration list for PBXNativeTarget "Gilligan" */ = {
			isa = XCConfigurationList;
			buildConfigurations = (
				D49174272BF8F0C000640EDA /* Debug */,
				D49174282BF8F0C000640EDA /* Release */,
			);
			defaultConfigurationIsVisible = 0;
			defaultConfigurationName = Release;
		};
/* End XCConfigurationList section */
	};
	rootObject = D491740F2BF8F0BF00640EDA /* Project object */;
}
